
Microsoft Visual Studio Solution File, Format Version 12.00
# Visual Studio 14
VisualStudioVersion = 14.0.25420.1
MinimumVisualStudioVersion = 10.0.40219.1
Project("{FAE04EC0-301F-11D3-BF4B-00C04F79EFBC}") = "VueMVC", "VueMVC\VueMVC.csproj", "{9B49A8FE-EB99-4944-AE51-3F83787AF918}"
EndProject
Project("{FAE04EC0-301F-11D3-BF4B-00C04F79EFBC}") = "VueMVC.Tests", "VueMVC.Tests\VueMVC.Tests.csproj", "{DCE7BA8D-E6F6-4DA9-BFE1-E5A32EE1D1D2}"
EndProject
Global
	GlobalSection(SolutionConfigurationPlatforms) = preSolution
		Debug|Any CPU = Debug|Any CPU
		Release|Any CPU = Release|Any CPU
	EndGlobalSection
	GlobalSection(ProjectConfigurationPlatforms) = postSolution
		{9B49A8FE-EB99-4944-AE51-3F83787AF918}.Debug|Any CPU.ActiveCfg = Debug|Any CPU
		{9B49A8FE-EB99-4944-AE51-3F83787AF918}.Debug|Any CPU.Build.0 = Debug|Any CPU
		{9B49A8FE-EB99-4944-AE51-3F83787AF918}.Release|Any CPU.ActiveCfg = Release|Any CPU
		{9B49A8FE-EB99-4944-AE51-3F83787AF918}.Release|Any CPU.Build.0 = Release|Any CPU
		{DCE7BA8D-E6F6-4DA9-BFE1-E5A32EE1D1D2}.Debug|Any CPU.ActiveCfg = Debug|Any CPU
		{DCE7BA8D-E6F6-4DA9-BFE1-E5A32EE1D1D2}.Debug|Any CPU.Build.0 = Debug|Any CPU
		{DCE7BA8D-E6F6-4DA9-BFE1-E5A32EE1D1D2}.Release|Any CPU.ActiveCfg = Release|Any CPU
		{DCE7BA8D-E6F6-4DA9-BFE1-E5A32EE1D1D2}.Release|Any CPU.Build.0 = Release|Any CPU
	EndGlobalSection
	GlobalSection(SolutionProperties) = preSolution
		HideSolutionNode = FALSE
	EndGlobalSection
EndGlobal
